
Microsoft Visual Studio Solution File, Format Version 12.00
# Visual Studio 15
VisualStudioVersion = 15.0.27428.2005
MinimumVisualStudioVersion = 10.0.40219.1
Project("{FAE04EC0-301F-11D3-BF4B-00C04F79EFBC}") = "VkApi", "VkApi\VkApi.csproj", "{D416913C-7409-499D-A90D-09E836F9026C}"
EndProject
Project("{9A19103F-16F7-4668-BE54-9A1E7A4F7556}") = "VkNet", "VkNet\VkNet\VkNet.csproj", "{946EC9CF-2185-4818-B584-43989CB2B02F}"
EndProject
Global
	GlobalSection(SolutionConfigurationPlatforms) = preSolution
		Debug|Any CPU = Debug|Any CPU
		Release|Any CPU = Release|Any CPU
	EndGlobalSection
	GlobalSection(ProjectConfigurationPlatforms) = postSolution
		{D416913C-7409-499D-A90D-09E836F9026C}.Debug|Any CPU.ActiveCfg = Debug|Any CPU
		{D416913C-7409-499D-A90D-09E836F9026C}.Debug|Any CPU.Build.0 = Debug|Any CPU
		{D416913C-7409-499D-A90D-09E836F9026C}.Release|Any CPU.ActiveCfg = Release|Any CPU
		{D416913C-7409-499D-A90D-09E836F9026C}.Release|Any CPU.Build.0 = Release|Any CPU
		{946EC9CF-2185-4818-B584-43989CB2B02F}.Debug|Any CPU.ActiveCfg = Debug|Any CPU
		{946EC9CF-2185-4818-B584-43989CB2B02F}.Debug|Any CPU.Build.0 = Debug|Any CPU
		{946EC9CF-2185-4818-B584-43989CB2B02F}.Release|Any CPU.ActiveCfg = Release|Any CPU
		{946EC9CF-2185-4818-B584-43989CB2B02F}.Release|Any CPU.Build.0 = Release|Any CPU
	EndGlobalSection
	GlobalSection(SolutionProperties) = preSolution
		HideSolutionNode = FALSE
	EndGlobalSection
	GlobalSection(ExtensibilityGlobals) = postSolution
		SolutionGuid = {F4A0FF6F-BBBE-4214-9E8A-3FCC64DBC7E7}
	EndGlobalSection
EndGlobal
